
Microsoft Visual Studio Solution File, Format Version 12.00
# Visual Studio Version 16
VisualStudioVersion = 16.0.30907.101
MinimumVisualStudioVersion = 10.0.40219.1
Project("{FAE04EC0-301F-11D3-BF4B-00C04F79EFBC}") = "ZaolisShop", "ZaolisShop\ZaolisShop.csproj", "{DB938109-17B2-45FD-B021-249406C31C71}"
EndProject
Project("{FAE04EC0-301F-11D3-BF4B-00C04F79EFBC}") = "Zaolis_DAL", "DAL\Zaolis_DAL.csproj", "{8B1B89B6-8D4D-445F-BAAA-D78203C4E8C4}"
EndProject
Project("{FAE04EC0-301F-11D3-BF4B-00C04F79EFBC}") = "BLL", "BLL\BLL.csproj", "{69564DCD-E53F-450C-B313-2C5FBA2D58DF}"
EndProject
Global
	GlobalSection(SolutionConfigurationPlatforms) = preSolution
		Debug|Any CPU = Debug|Any CPU
		Release|Any CPU = Release|Any CPU
	EndGlobalSection
	GlobalSection(ProjectConfigurationPlatforms) = postSolution
		{DB938109-17B2-45FD-B021-249406C31C71}.Debug|Any CPU.ActiveCfg = Debug|Any CPU
		{DB938109-17B2-45FD-B021-249406C31C71}.Debug|Any CPU.Build.0 = Debug|Any CPU
		{DB938109-17B2-45FD-B021-249406C31C71}.Release|Any CPU.ActiveCfg = Release|Any CPU
		{DB938109-17B2-45FD-B021-249406C31C71}.Release|Any CPU.Build.0 = Release|Any CPU
		{8B1B89B6-8D4D-445F-BAAA-D78203C4E8C4}.Debug|Any CPU.ActiveCfg = Debug|Any CPU
		{8B1B89B6-8D4D-445F-BAAA-D78203C4E8C4}.Debug|Any CPU.Build.0 = Debug|Any CPU
		{8B1B89B6-8D4D-445F-BAAA-D78203C4E8C4}.Release|Any CPU.ActiveCfg = Release|Any CPU
		{8B1B89B6-8D4D-445F-BAAA-D78203C4E8C4}.Release|Any CPU.Build.0 = Release|Any CPU
		{69564DCD-E53F-450C-B313-2C5FBA2D58DF}.Debug|Any CPU.ActiveCfg = Debug|Any CPU
		{69564DCD-E53F-450C-B313-2C5FBA2D58DF}.Debug|Any CPU.Build.0 = Debug|Any CPU
		{69564DCD-E53F-450C-B313-2C5FBA2D58DF}.Release|Any CPU.ActiveCfg = Release|Any CPU
		{69564DCD-E53F-450C-B313-2C5FBA2D58DF}.Release|Any CPU.Build.0 = Release|Any CPU
	EndGlobalSection
	GlobalSection(SolutionProperties) = preSolution
		HideSolutionNode = FALSE
	EndGlobalSection
	GlobalSection(ExtensibilityGlobals) = postSolution
		SolutionGuid = {A8B3606B-5FEF-4932-9006-31BAC92A9C99}
	EndGlobalSection
EndGlobal
